schema: '2.0'
stages:
  prepare:
    cmd: python src/prepare.py
    deps:
    - path: src/prepare.py
      hash: md5
      md5: 5ce32bce6e71e3cba6f5934fad6ce363
      size: 557
    outs:
    - path: data/raw
      hash: md5
      md5: ce8685a23dfdb9d880edfa3a578e7adc.dir
      size: 30869925
      nfiles: 1
  preprocess:
    cmd: python src/preprocess.py
    deps:
    - path: data/raw
      hash: md5
      md5: ce8685a23dfdb9d880edfa3a578e7adc.dir
      size: 30869925
      nfiles: 1
    - path: src/preprocess.py
      hash: md5
      md5: 29e6cdb2a6bcb408dc047dcd9347bb3e
      size: 1183
    params:
      params.yaml:
        preprocess.seed: 42
        preprocess.test_size: 0.1
    outs:
    - path: data/processed
      hash: md5
      md5: 206ea247444d5a3e1c4a8fdb6ac9577f.dir
      size: 44928501
      nfiles: 3
  train:
    cmd: python src/train.py
    deps:
    - path: data/processed
      hash: md5
      md5: 206ea247444d5a3e1c4a8fdb6ac9577f.dir
      size: 44928501
      nfiles: 3
    - path: src/train.py
      hash: md5
      md5: 70e42db318f695a1578ffe131926ca16
      size: 1351
    params:
      params.yaml:
        train.batch_size: 64
        train.dense_units: 256
        train.dropout_rate: 0.3
        train.epochs: 10
        train.learning_rate: 0.001
        train.seed: 42
    outs:
    - path: models
      hash: md5
      md5: b4e7539522c29eed8b9e0a0df23a63d7.dir
      size: 2467713
      nfiles: 2
  evaluate:
    cmd: python src/evaluate.py
    deps:
    - path: data/processed
      hash: md5
      md5: 206ea247444d5a3e1c4a8fdb6ac9577f.dir
      size: 44928501
      nfiles: 3
    - path: models/model.h5
      hash: md5
      md5: f3557d670f817c27344ab58888c15059
      size: 2466904
    - path: src/evaluate.py
      hash: md5
      md5: 9ad60eab11f98990349e0dd0a64b074d
      size: 1292
    outs:
    - path: metrics.json
      hash: md5
      md5: 7d64e84ce1c3a716bd6ce243a601f53f
      size: 55
    - path: plots/confusion_matrix.png
      hash: md5
      md5: 5f720df88cc5cfa2e4168d6bf0f29f6d
      size: 74198
